
Microsoft Visual Studio Solution File, Format Version 12.00
# Visual Studio Version 16
VisualStudioVersion = 16.0.29318.209
MinimumVisualStudioVersion = 10.0.40219.1
Project("{FAE04EC0-301F-11D3-BF4B-00C04F79EFBC}") = "AdPortalApi", "AdPortalApi\AdPortalApi.csproj", "{4DA1F8CA-874E-4A50-B516-970DB331F5F6}"
EndProject
Project("{FAE04EC0-301F-11D3-BF4B-00C04F79EFBC}") = "Dto", "Dto\Dto.csproj", "{F489B648-DA4C-4481-A257-3D4EFBF87B33}"
EndProject
Global
	GlobalSection(SolutionConfigurationPlatforms) = preSolution
		Debug|Any CPU = Debug|Any CPU
		Release|Any CPU = Release|Any CPU
	EndGlobalSection
	GlobalSection(ProjectConfigurationPlatforms) = postSolution
		{4DA1F8CA-874E-4A50-B516-970DB331F5F6}.Debug|Any CPU.ActiveCfg = Debug|Any CPU
		{4DA1F8CA-874E-4A50-B516-970DB331F5F6}.Debug|Any CPU.Build.0 = Debug|Any CPU
		{4DA1F8CA-874E-4A50-B516-970DB331F5F6}.Release|Any CPU.ActiveCfg = Release|Any CPU
		{4DA1F8CA-874E-4A50-B516-970DB331F5F6}.Release|Any CPU.Build.0 = Release|Any CPU
		{F489B648-DA4C-4481-A257-3D4EFBF87B33}.Debug|Any CPU.ActiveCfg = Debug|Any CPU
		{F489B648-DA4C-4481-A257-3D4EFBF87B33}.Debug|Any CPU.Build.0 = Debug|Any CPU
		{F489B648-DA4C-4481-A257-3D4EFBF87B33}.Release|Any CPU.ActiveCfg = Release|Any CPU
		{F489B648-DA4C-4481-A257-3D4EFBF87B33}.Release|Any CPU.Build.0 = Release|Any CPU
	EndGlobalSection
	GlobalSection(SolutionProperties) = preSolution
		HideSolutionNode = FALSE
	EndGlobalSection
	GlobalSection(ExtensibilityGlobals) = postSolution
		SolutionGuid = {2BC58D62-FCEC-496A-8D14-7A14DDC7143E}
	EndGlobalSection
EndGlobal
